{
  "name": "project1",
  "version": "0.1.0",
  "lockfileVersion": 1,
  "requires": true,
  "dependencies": {
    "axios": {
      "version": "0.21.1",
      "resolved": "https://registry.npmjs.org/axios/-/axios-0.21.1.tgz",
      "integrity": "sha512-dKQiRHxGD9PPRIUNIWvZhPTPpl1rf/OxTYKsqKUDjBwYylTvV7SjSHJb9ratfyzM6wCdLCOYLzs73qpg5c4iGA==",
      "requires": {
        "follow-redirects": "^1.10.0"
      },
      "dependencies": {
        "follow-redirects": {
          "version": "1.13.1",
          "resolved": "https://registry.npmjs.org/follow-redirects/-/follow-redirects-1.13.1.tgz",
          "integrity": "sha512-SSG5xmZh1mkPGyKzjZP8zLjltIfpW32Y5QpdNJyjcfGxK3qo3NDDkZOZSFiGn1A6SclQxY9GzEwAHQ3dmYRWpg=="
        }
      }
    },
    "babel-core": {
      "version": "6.26.3",
      "resolved": "https://registry.npmjs.org/babel-core/-/babel-core-6.26.3.tgz",
      "integrity": "sha512-6jyFLuDmeidKmUEb3NM+/yawG0M2bDZ9Z1qbZP59cyHLz8kYGKYwpJP0UwUKKUiTRNvxfLesJnTedqczP7cTDA==",
      "dev": true,
      "dependencies": {
        "debug": {
          "version": "2.6.9",
          "resolved": "https://registry.npmjs.org/debug/-/debug-2.6.9.tgz",
          "integrity": "sha512-bC7ElrdJaJnPbAP+1EotYvqZsb3ecl5wi6Bfi6BJTUcNowp6cvspg0jXznRTKDjm/E7AdgFBVeAPVMNcKGsHMA=="
        }
      }
    },
    "babel-eslint": {
      "version": "8.2.6",
      "resolved": "https://registry.npmjs.org/babel-eslint/-/babel-eslint-8.2.6.tgz",
      "integrity": "sha512-aCdHjhzcILdP8c9lej7hvXKvQieyRt20SF102SIGyY4cUIiw6UaAtK4j2o3dXX74jEmy0TJ0CEhv4fTIM3SzcA==",
      "dev": true,
      "dependencies": {
        "babylon": {
          "version": "7.0.0-beta.44",
          "resolved": "https://registry.npmjs.org/babylon/-/babylon-7.0.0-beta.44.tgz",
          "integrity": "sha512-5Hlm13BJVAioCHpImtFqNOF2H3ieTOHd0fmFGMxOJ9jgeFqeAwsv3u5P5cR7CSeFrkgHsT19DgFJkHV0/Mcd8g=="
        }
      }
    },
    "babel-loader": {
      "version": "7.1.5",
      "resolved": "https://registry.npmjs.org/babel-loader/-/babel-loader-7.1.5.tgz",
      "integrity": "sha512-iCHfbieL5d1LfOQeeVJEUyD9rTwBcP/fcEbRCfempxTDuqrKpu0AZjLAQHEQa3Yqyj9ORKe2iHfoj4rHLf7xpw==",
      "dev": true
    },
    "babel-preset-es2015": {
      "version": "6.24.1",
      "resolved": "https://registry.npmjs.org/babel-preset-es2015/-/babel-preset-es2015-6.24.1.tgz",
      "integrity": "sha1-1EBQ1rwsn+6nAqrzjXJ6AhBTiTk=",
      "dev": true
    },
    "babel-preset-react": {
      "version": "6.24.1",
      "resolved": "https://registry.npmjs.org/babel-preset-react/-/babel-preset-react-6.24.1.tgz",
      "integrity": "sha1-umnfrqRfw+xjm2pOzqbhdwLJE4A=",
      "dev": true
    },
    "babel-preset-stage-2": {
      "version": "6.24.1",
      "resolved": "https://registry.npmjs.org/babel-preset-stage-2/-/babel-preset-stage-2-6.24.1.tgz",
      "integrity": "sha1-2eKWD7PXEYfw5k7sYrwHdnIZvcE=",
      "dev": true
    },
    "css-loader": {
      "version": "0.28.11",
      "resolved": "https://registry.npmjs.org/css-loader/-/css-loader-0.28.11.tgz",
      "integrity": "sha512-wovHgjAx8ZIMGSL8pTys7edA1ClmzxHeY6n/d97gg5odgsxEgKjULPR0viqyC+FWMCL9sfqoC/QCUBo62tLvPg==",
      "dev": true
    },
    "eslint": {
      "version": "4.19.1",
      "resolved": "https://registry.npmjs.org/eslint/-/eslint-4.19.1.tgz",
      "integrity": "sha512-bT3/1x1EbZB7phzYu7vCr1v3ONuzDtX8WjuM9c0iYxe+cq+pwcKEoQjl7zd3RpC6YOLgnSy3cTN58M2jcoPDIQ==",
      "dev": true,
      "dependencies": {
        "ansi-regex": {
          "version": "3.0.0",
          "resolved": "https://registry.npmjs.org/ansi-regex/-/ansi-regex-3.0.0.tgz",
          "integrity": "sha1-7QMXwyIGT3lGbAKWa922Bas32Zg="
        },
        "ansi-styles": {
          "version": "3.2.1",
          "resolved": "https://registry.npmjs.org/ansi-styles/-/ansi-styles-3.2.1.tgz",
          "integrity": "sha512-VT0ZI6kZRdTh8YyJw3SMbYm/u+NqfsAxEpWO0Pf9sq8/e94WxxOpPKx9FR1FlyCtOVDNOQ+8ntlqFxiRc+r5qA=="
        },
        "chalk": {
          "version": "2.4.2",
          "resolved": "https://registry.npmjs.org/chalk/-/chalk-2.4.2.tgz",
          "integrity": "sha512-Mti+f9lpJNcwF4tWV8/OrTTtF1gZi+f8FqlyAdouralcFWFQWF2+NgCHShjkCb+IFBLq9buZwE1xckQU4peSuQ=="
        },
        "esprima": {
          "version": "4.0.1",
          "resolved": "https://registry.npmjs.org/esprima/-/esprima-4.0.1.tgz",
          "integrity": "sha512-eGuFFw7Upda+g4p+QHvnW0RyTX/SVeJBDM/gCtMARO0cLuT2HcEKnTPvhjV6aGeqrCB/sbNop0Kszm0jsaWU4A=="
        },
        "globals": {
          "version": "11.12.0",
          "resolved": "https://registry.npmjs.org/globals/-/globals-11.12.0.tgz",
          "integrity": "sha512-WOBp/EEGUiIsJSp7wcv/y6MO+lV9UoncWqxuFfm8eBwzWNgyfBd6Gz+IeKQ9jCmyhoH99g15M3T+QaVHFjizVA=="
        },
        "js-yaml": {
          "version": "3.13.1",
          "resolved": "https://registry.npmjs.org/js-yaml/-/js-yaml-3.13.1.tgz",
          "integrity": "sha512-YfbcO7jXDdyj0DGxYVSlSeQNHbD7XPWvrVWeVUujrQEoZzWJIRrCPoyk6kL6IAjAG2IolMK4T0hNUe0HOUs5Jw=="
        },
        "strip-ansi": {
          "version": "4.0.0",
          "resolved": "https://registry.npmjs.org/strip-ansi/-/strip-ansi-4.0.0.tgz",
          "integrity": "sha1-qEeQIusaw2iocTibY1JixQXuNo8="
        },
        "supports-color": {
          "version": "5.5.0",
          "resolved": "https://registry.npmjs.org/supports-color/-/supports-color-5.5.0.tgz",
          "integrity": "sha512-QjVjwdXIt408MIiAqCX4oUKsgU2EqAGzs2Ppkm4aQYbjm+ZEWEcW4SfFNTr4uMNZma0ey4f5lgLrkB0aX0QMow=="
        }
      }
    },
    "eslint-config-airbnb": {
      "version": "16.1.0",
      "resolved": "https://registry.npmjs.org/eslint-config-airbnb/-/eslint-config-airbnb-16.1.0.tgz",
      "integrity": "sha512-zLyOhVWhzB/jwbz7IPSbkUuj7X2ox4PHXTcZkEmDqTvd0baJmJyuxlFPDlZOE/Y5bC+HQRaEkT3FoHo9wIdRiw==",
      "dev": true
    },
    "eslint-plugin-import": {
      "version": "2.18.2",
      "resolved": "https://registry.npmjs.org/eslint-plugin-import/-/eslint-plugin-import-2.18.2.tgz",
      "integrity": "sha512-5ohpsHAiUBRNaBWAF08izwUGlbrJoJJ+W9/TBwsGoR1MnlgfwMIKrFeSjWbt6moabiXW9xNvtFz+97KHRfI4HQ==",
      "dev": true,
      "dependencies": {
        "debug": {
          "version": "2.6.9",
          "resolved": "https://registry.npmjs.org/debug/-/debug-2.6.9.tgz",
          "integrity": "sha512-bC7ElrdJaJnPbAP+1EotYvqZsb3ecl5wi6Bfi6BJTUcNowp6cvspg0jXznRTKDjm/E7AdgFBVeAPVMNcKGsHMA=="
        },
        "doctrine": {
          "version": "1.5.0",
          "resolved": "https://registry.npmjs.org/doctrine/-/doctrine-1.5.0.tgz",
          "integrity": "sha1-N53Ocw9hZvds76TmcHoVmwLFpvo="
        },
        "isarray": {
          "version": "1.0.0",
          "resolved": "https://registry.npmjs.org/isarray/-/isarray-1.0.0.tgz",
          "integrity": "sha1-u5NdSFgsuhaMBoNJV6VKPgcSTxE="
        }
      }
    },
    "eslint-plugin-jsx-a11y": {
      "version": "6.2.3",
      "resolved": "https://registry.npmjs.org/eslint-plugin-jsx-a11y/-/eslint-plugin-jsx-a11y-6.2.3.tgz",
      "integrity": "sha512-CawzfGt9w83tyuVekn0GDPU9ytYtxyxyFZ3aSWROmnRRFQFT2BiPJd7jvRdzNDi6oLWaS2asMeYSNMjWTV4eNg==",
      "dev": true
    },
    "eslint-plugin-react": {
      "version": "7.14.3",
      "resolved": "https://registry.npmjs.org/eslint-plugin-react/-/eslint-plugin-react-7.14.3.tgz",
      "integrity": "sha512-EzdyyBWC4Uz2hPYBiEJrKCUi2Fn+BJ9B/pJQcjw5X+x/H2Nm59S4MJIvL4O5NEE0+WbnQwEBxWY03oUk+Bc3FA==",
      "dev": true
    },
    "history": {
      "version": "4.9.0",
      "resolved": "https://registry.npmjs.org/history/-/history-4.9.0.tgz",
      "integrity": "sha512-H2DkjCjXf0Op9OAr6nJ56fcRkTSNrUiv41vNJ6IswJjif6wlpZK0BTfFbi7qK9dXLSYZxkq5lBsj3vUjlYBYZA=="
    },
    "html-loader": {
      "version": "0.5.5",
      "resolved": "https://registry.npmjs.org/html-loader/-/html-loader-0.5.5.tgz",
      "integrity": "sha512-7hIW7YinOYUpo//kSYcPB6dCKoceKLmOwjEMmhIobHuWGDVl0Nwe4l68mdG/Ru0wcUxQjVMEoZpkalZ/SE7zog==",
      "dev": true
    },
    "html-webpack-plugin": {
      "version": "3.2.0",
      "resolved": "https://registry.npmjs.org/html-webpack-plugin/-/html-webpack-plugin-3.2.0.tgz",
      "integrity": "sha1-sBq71yOsqqeze2r0SS69oD2d03s=",
      "dev": true,
      "dependencies": {
        "big.js": {
          "version": "3.2.0",
          "resolved": "https://registry.npmjs.org/big.js/-/big.js-3.2.0.tgz",
          "integrity": "sha512-+hN/Zh2D08Mx65pZ/4g5bsmNiZUuChDiQfTUQ7qJr4/kuopCr88xZsAXv6mBoZEsUI4OuGHlX59qE94K2mMW8Q=="
        },
        "loader-utils": {
          "version": "0.2.17",
          "resolved": "https://registry.npmjs.org/loader-utils/-/loader-utils-0.2.17.tgz",
          "integrity": "sha1-+G5jdNQyBabmxg6RlvF8Apm/s0g="
        }
      }
    },
    "immutable": {
      "version": "3.8.2",
      "resolved": "https://registry.npmjs.org/immutable/-/immutable-3.8.2.tgz",
      "integrity": "sha1-wkOZUUVbs5kT2vKBN28VMOEErfM="
    },
    "prop-types": {
      "version": "15.7.2",
      "resolved": "https://registry.npmjs.org/prop-types/-/prop-types-15.7.2.tgz",
      "integrity": "sha512-8QQikdH7//R2vurIJSutZ1smHYTcLpRWEOlHnzcWHmBYrOGUysKwSsrC89BCiFj3CbrfJ/nXFdJepOVrY1GCHQ=="
    },
    "react": {
      "version": "16.8.6",
      "resolved": "https://registry.npmjs.org/react/-/react-16.8.6.tgz",
      "integrity": "sha512-pC0uMkhLaHm11ZSJULfOBqV4tIZkx87ZLvbbQYunNixAAvjnC+snJCg0XQXn9VIsttVsbZP/H/ewzgsd5fxKXw=="
    },
    "react-bootstrap": {
      "version": "0.32.4",
      "resolved": "https://registry.npmjs.org/react-bootstrap/-/react-bootstrap-0.32.4.tgz",
      "integrity": "sha512-xj+JfaPOvnvr3ow0aHC7Y3HaBKZNR1mm361hVxVzVX3fcdJNIrfiodbQ0m9nLBpNxiKG6FTU2lq/SbTDYT2vew=="
    },
    "react-dom": {
      "version": "16.8.6",
      "resolved": "https://registry.npmjs.org/react-dom/-/react-dom-16.8.6.tgz",
      "integrity": "sha512-1nL7PIq9LTL3fthPqwkvr2zY7phIPjYrT0jp4HjyEQrEROnw4dG41VVwi/wfoCneoleqrNX7iAD+pXebJZwrwA=="
    },
    "react-redux": {
      "version": "5.1.1",
      "resolved": "https://registry.npmjs.org/react-redux/-/react-redux-5.1.1.tgz",
      "integrity": "sha512-LE7Ned+cv5qe7tMV5BPYkGQ5Lpg8gzgItK07c67yHvJ8t0iaD9kPFPAli/mYkiyJYrs2pJgExR2ZgsGqlrOApg=="
    },
    "react-router-dom": {
      "version": "4.3.1",
      "resolved": "https://registry.npmjs.org/react-router-dom/-/react-router-dom-4.3.1.tgz",
      "integrity": "sha512-c/MlywfxDdCp7EnB7YfPMOfMD3tOtIjrQlj/CKfNMBxdmpJP8xcz5P/UAFn3JbnQCNUxsHyVVqllF9LhgVyFCA==",
      "dependencies": {
        "warning": {
          "version": "4.0.3",
          "resolved": "https://registry.npmjs.org/warning/-/warning-4.0.3.tgz",
          "integrity": "sha512-rpJyN222KWIvHJ/F53XSZv0Zl/accqHR8et1kpaMTD/fLCRxtV8iX8czMzY7sVZupTI3zcUTg8eycS2kNF9l6w=="
        }
      }
    },
    "redux": {
      "version": "3.7.2",
      "resolved": "https://registry.npmjs.org/redux/-/redux-3.7.2.tgz",
      "integrity": "sha512-pNqnf9q1hI5HHZRBkj3bAngGZW/JMCmexDlOxw4XagXY2o1327nHH54LoTjiPJ0gizoqPDRqWyX/00g0hD6w+A=="
    },
    "redux-thunk": {
      "version": "2.3.0",
      "resolved": "https://registry.npmjs.org/redux-thunk/-/redux-thunk-2.3.0.tgz",
      "integrity": "sha512-km6dclyFnmcvxhAcrQV2AkZmPQjzPDjgVlQtR0EQjxZPyJ0BnMf3in1ryuR8A2qU0HldVRfxYXbFSKlI3N7Slw=="
    },
    "style-loader": {
      "version": "0.20.3",
      "resolved": "https://registry.npmjs.org/style-loader/-/style-loader-0.20.3.tgz",
      "integrity": "sha512-2I7AVP73MvK33U7B9TKlYZAqdROyMXDYSMvHLX43qy3GCOaJNiV6i0v/sv9idWIaQ42Yn2dNv79Q5mKXbKhAZg==",
      "dev": true
    },
    "webpack": {
      "version": "4.39.1",
      "resolved": "https://registry.npmjs.org/webpack/-/webpack-4.39.1.tgz",
      "integrity": "sha512-/LAb2TJ2z+eVwisldp3dqTEoNhzp/TLCZlmZm3GGGAlnfIWDgOEE758j/9atklNLfRyhKbZTCOIoPqLJXeBLbQ==",
      "dev": true,
      "dependencies": {
        "acorn": {
          "version": "6.2.1",
          "resolved": "https://registry.npmjs.org/acorn/-/acorn-6.2.1.tgz",
          "integrity": "sha512-JD0xT5FCRDNyjDda3Lrg/IxFscp9q4tiYtxE1/nOzlKCk7hIRuYjhq1kCNkbPjMRMZuFq20HNQn1I9k8Oj0E+Q=="
        },
        "ajv": {
          "version": "6.10.2",
          "resolved": "https://registry.npmjs.org/ajv/-/ajv-6.10.2.tgz",
          "integrity": "sha512-TXtUUEYHuaTEbLZWIKUr5pmBuhDLy+8KYtPYdcV8qC+pOZL+NKqYwvWSRrVXHn+ZmRRAu8vJTAznH7Oag6RVRw=="
        },
        "ajv-keywords": {
          "version": "3.4.1",
          "resolved": "https://registry.npmjs.org/ajv-keywords/-/ajv-keywords-3.4.1.tgz",
          "integrity": "sha512-RO1ibKvd27e6FEShVFfPALuHI3WjSVNeK5FIsmme/LYRNxjKuNj+Dt7bucLa6NdSv3JcVTyMlm9kGR84z1XpaQ=="
        },
        "eslint-scope": {
          "version": "4.0.3",
          "resolved": "https://registry.npmjs.org/eslint-scope/-/eslint-scope-4.0.3.tgz",
          "integrity": "sha512-p7VutNr1O/QrxysMo3E45FjYDTeXBy0iTltPFNSqKAIfjDSXC+4dj+qfyuD8bfAXrW/y6lW3O76VaYNPKfpKrg=="
        },
        "fast-deep-equal": {
          "version": "2.0.1",
          "resolved": "https://registry.npmjs.org/fast-deep-equal/-/fast-deep-equal-2.0.1.tgz",
          "integrity": "sha1-ewUhjd+WZ79/Nwv3/bLLFf3Qqkk="
        },
        "json-schema-traverse": {
          "version": "0.4.1",
          "resolved": "https://registry.npmjs.org/json-schema-traverse/-/json-schema-traverse-0.4.1.tgz",
          "integrity": "sha512-xbbCH5dCYU5T8LcEhhuh7HJ88HXuW3qsI3Y0zOZFKfZEHcpWiHU/Jxzk629Brsab/mMiHQti9wMP+845RPe3Vg=="
        },
        "schema-utils": {
          "version": "1.0.0",
          "resolved": "https://registry.npmjs.org/schema-utils/-/schema-utils-1.0.0.tgz",
          "integrity": "sha512-i27Mic4KovM/lnGsy8whRCHhc7VicJajAjTrYg11K9zfZXnYIt4k5F+kZkwjnrhKzLic/HLU4j11mjsz2G/75g=="
        }
      }
    },
    "webpack-cli": {
      "version": "3.3.6",
      "resolved": "https://registry.npmjs.org/webpack-cli/-/webpack-cli-3.3.6.tgz",
      "integrity": "sha512-0vEa83M7kJtxK/jUhlpZ27WHIOndz5mghWL2O53kiDoA9DIxSKnfqB92LoqEn77cT4f3H2cZm1BMEat/6AZz3A==",
      "dev": true,
      "dependencies": {
        "ansi-styles": {
          "version": "3.2.1",
          "resolved": "https://registry.npmjs.org/ansi-styles/-/ansi-styles-3.2.1.tgz",
          "integrity": "sha512-VT0ZI6kZRdTh8YyJw3SMbYm/u+NqfsAxEpWO0Pf9sq8/e94WxxOpPKx9FR1FlyCtOVDNOQ+8ntlqFxiRc+r5qA=="
        },
        "chalk": {
          "version": "2.4.2",
          "resolved": "https://registry.npmjs.org/chalk/-/chalk-2.4.2.tgz",
          "integrity": "sha512-Mti+f9lpJNcwF4tWV8/OrTTtF1gZi+f8FqlyAdouralcFWFQWF2+NgCHShjkCb+IFBLq9buZwE1xckQU4peSuQ==",
          "dependencies": {
            "supports-color": {
              "version": "5.5.0",
              "resolved": "https://registry.npmjs.org/supports-color/-/supports-color-5.5.0.tgz",
              "integrity": "sha512-QjVjwdXIt408MIiAqCX4oUKsgU2EqAGzs2Ppkm4aQYbjm+ZEWEcW4SfFNTr4uMNZma0ey4f5lgLrkB0aX0QMow=="
            }
          }
        },
        "cross-spawn": {
          "version": "6.0.5",
          "resolved": "https://registry.npmjs.org/cross-spawn/-/cross-spawn-6.0.5.tgz",
          "integrity": "sha512-eTVLrBSt7fjbDygz805pMnstIs2VTBNkRm0qxZd+M7A5XDdxVRWO5MxGBXZhjY4cqLYLdtrGqRf8mBPmzwSpWQ=="
        },
        "supports-color": {
          "version": "6.1.0",
          "resolved": "https://registry.npmjs.org/supports-color/-/supports-color-6.1.0.tgz",
          "integrity": "sha512-qe1jfm1Mg7Nq/NSh6XE24gPXROEVsWHxC1LIx//XNlD9iw7YZQGjZNjYN7xGaEG6iKdA8EtNFW6R0gjnVXp+wQ=="
        }
      }
    },
    "webpack-dev-server": {
      "version": "3.7.2",
      "resolved": "https://registry.npmjs.org/webpack-dev-server/-/webpack-dev-server-3.7.2.tgz",
      "integrity": "sha512-mjWtrKJW2T9SsjJ4/dxDC2fkFVUw8jlpemDERqV0ZJIkjjjamR2AbQlr3oz+j4JLhYCHImHnXZK5H06P2wvUew==",
      "dev": true,
      "dependencies": {
        "ajv": {
          "version": "6.10.2",
          "resolved": "https://registry.npmjs.org/ajv/-/ajv-6.10.2.tgz",
          "integrity": "sha512-TXtUUEYHuaTEbLZWIKUr5pmBuhDLy+8KYtPYdcV8qC+pOZL+NKqYwvWSRrVXHn+ZmRRAu8vJTAznH7Oag6RVRw=="
        },
        "ajv-keywords": {
          "version": "3.4.1",
          "resolved": "https://registry.npmjs.org/ajv-keywords/-/ajv-keywords-3.4.1.tgz",
          "integrity": "sha512-RO1ibKvd27e6FEShVFfPALuHI3WjSVNeK5FIsmme/LYRNxjKuNj+Dt7bucLa6NdSv3JcVTyMlm9kGR84z1XpaQ=="
        },
        "camelcase": {
          "version": "5.3.1",
          "resolved": "https://registry.npmjs.org/camelcase/-/camelcase-5.3.1.tgz",
          "integrity": "sha512-L28STB170nwWS63UjtlEOE3dldQApaJXZkOI1uMFfzf3rRuPegHaHesyee+YxQ+W6SvRDQV6UrdOdRiR153wJg=="
        },
        "cross-spawn": {
          "version": "6.0.5",
          "resolved": "https://registry.npmjs.org/cross-spawn/-/cross-spawn-6.0.5.tgz",
          "integrity": "sha512-eTVLrBSt7fjbDygz805pMnstIs2VTBNkRm0qxZd+M7A5XDdxVRWO5MxGBXZhjY4cqLYLdtrGqRf8mBPmzwSpWQ==",
          "dependencies": {
            "semver": {
              "version": "5.7.0",
              "resolved": "https://registry.npmjs.org/semver/-/semver-5.7.0.tgz",
              "integrity": "sha512-Ya52jSX2u7QKghxeoFGpLwCtGlt7j0oY9DYb5apt9nPlJ42ID+ulTXESnt/qAQcoSERyZ5sl3LDIOw0nAn/5DA=="
            }
          }
        },
        "debug": {
          "version": "4.1.1",
          "resolved": "https://registry.npmjs.org/debug/-/debug-4.1.1.tgz",
          "integrity": "sha512-pYAIzeRo8J6KPEaJ0VWOh5Pzkbw/RetuzehGM7QRRX5he4fPHx2rdKMB256ehJCkX+XRQm16eZLqLNS8RSZXZw=="
        },
        "execa": {
          "version": "1.0.0",
          "resolved": "https://registry.npmjs.org/execa/-/execa-1.0.0.tgz",
          "integrity": "sha512-adbxcyWV46qiHyvSp50TKt05tB4tK3HcmF7/nxfAdhnox83seTDbwnaqKO4sXRy7roHAIFqJP/Rw/AuEbX61LA=="
        },
        "fast-deep-equal": {
          "version": "2.0.1",
          "resolved": "https://registry.npmjs.org/fast-deep-equal/-/fast-deep-equal-2.0.1.tgz",
          "integrity": "sha1-ewUhjd+WZ79/Nwv3/bLLFf3Qqkk="
        },
        "find-up": {
          "version": "3.0.0",
          "resolved": "https://registry.npmjs.org/find-up/-/find-up-3.0.0.tgz",
          "integrity": "sha512-1yD6RmLI1XBfxugvORwlck6f75tYL+iR0jqwsOrOxMZyGYqUuDhJ0l4AXdO1iX/FTs9cBAMEk1gWSEx1kSbylg=="
        },
        "get-stream": {
          "version": "4.1.0",
          "resolved": "https://registry.npmjs.org/get-stream/-/get-stream-4.1.0.tgz",
          "integrity": "sha512-GMat4EJ5161kIy2HevLlr4luNjBgvmj413KaQA7jt4V8B4RDsfpHk7WQ9GVqfYyyx8OS/L66Kox+rJRNklLK7w=="
        },
        "import-local": {
          "version": "2.0.0",
          "resolved": "https://registry.npmjs.org/import-local/-/import-local-2.0.0.tgz",
          "integrity": "sha512-b6s04m3O+s3CGSbqDIyP4R6aAwAeYlVq9+WUWep6iHa8ETRf9yei1U48C5MmfJmV9AiLYYBKPMq/W+/WRpQmCQ=="
        },
        "invert-kv": {
          "version": "2.0.0",
          "resolved": "https://registry.npmjs.org/invert-kv/-/invert-kv-2.0.0.tgz",
          "integrity": "sha512-wPVv/y/QQ/Uiirj/vh3oP+1Ww+AWehmi1g5fFWGPF6IpCBCDVrhgHRMvrLfdYcwDh3QJbGXDW4JAuzxElLSqKA=="
        },
        "json-schema-traverse": {
          "version": "0.4.1",
          "resolved": "https://registry.npmjs.org/json-schema-traverse/-/json-schema-traverse-0.4.1.tgz",
          "integrity": "sha512-xbbCH5dCYU5T8LcEhhuh7HJ88HXuW3qsI3Y0zOZFKfZEHcpWiHU/Jxzk629Brsab/mMiHQti9wMP+845RPe3Vg=="
        },
        "lcid": {
          "version": "2.0.0",
          "resolved": "https://registry.npmjs.org/lcid/-/lcid-2.0.0.tgz",
          "integrity": "sha512-avPEb8P8EGnwXKClwsNUgryVjllcRqtMYa49NTsbQagYuT1DcXnl1915oxWjoyGrXR6zH/Y0Zc96xWsPcoDKeA=="
        },
        "locate-path": {
          "version": "3.0.0",
          "resolved": "https://registry.npmjs.org/locate-path/-/locate-path-3.0.0.tgz",
          "integrity": "sha512-7AO748wWnIhNqAuaty2ZWHkQHRSNfPVIsPIfwEOWO22AmaoVrWavlOcMR5nzTLNYvp36X220/maaRsrec1G65A=="
        },
        "mem": {
          "version": "4.3.0",
          "resolved": "https://registry.npmjs.org/mem/-/mem-4.3.0.tgz",
          "integrity": "sha512-qX2bG48pTqYRVmDB37rn/6PT7LcR8T7oAX3bf99u1Tt1nzxYfxkgqDwUwolPlXweM0XzBOBFzSx4kfp7KP1s/w=="
        },
        "mimic-fn": {
          "version": "2.1.0",
          "resolved": "https://registry.npmjs.org/mimic-fn/-/mimic-fn-2.1.0.tgz",
          "integrity": "sha512-OqbOk5oEQeAZ8WXWydlu9HJjz9WVdEIvamMCcXmuqUYjTknH/sqsWvhQ3vgwKFRR1HpjvNBKQ37nbJgYzGqGcg=="
        },
        "ms": {
          "version": "2.1.2",
          "resolved": "https://registry.npmjs.org/ms/-/ms-2.1.2.tgz",
          "integrity": "sha512-sGkPx+VjMtmA6MX27oA4FBFELFCZZ4S4XqeGOXCv68tT+jb3vk/RyaKWP0PTKyWtmLSM0b+adUTEvbs1PEaH2w=="
        },
        "os-locale": {
          "version": "3.1.0",
          "resolved": "https://registry.npmjs.org/os-locale/-/os-locale-3.1.0.tgz",
          "integrity": "sha512-Z8l3R4wYWM40/52Z+S265okfFj8Kt2cC2MKY+xNi3kFs+XGI7WXu/I309QQQYbRW4ijiZ+yxs9pqEhJh0DqW3Q=="
        },
        "p-is-promise": {
          "version": "2.1.0",
          "resolved": "https://registry.npmjs.org/p-is-promise/-/p-is-promise-2.1.0.tgz",
          "integrity": "sha512-Y3W0wlRPK8ZMRbNq97l4M5otioeA5lm1z7bkNkxCka8HSPjR0xRWmpCmc9utiaLP9Jb1eD8BgeIxTW4AIF45Pg=="
        },
        "p-limit": {
          "version": "2.2.0",
          "resolved": "https://registry.npmjs.org/p-limit/-/p-limit-2.2.0.tgz",
          "integrity": "sha512-pZbTJpoUsCzV48Mc9Nh51VbwO0X9cuPFE8gYwx9BTCt9SF8/b7Zljd2fVgOxhIF/HDTKgpVzs+GPhyKfjLLFRQ=="
        },
        "p-locate": {
          "version": "3.0.0",
          "resolved": "https://registry.npmjs.org/p-locate/-/p-locate-3.0.0.tgz",
          "integrity": "sha512-x+12w/To+4GFfgJhBEpiDcLozRJGegY+Ei7/z0tSLkMmxGZNybVMSfWj9aJn8Z5Fc7dBUNJOOVgPv2H7IwulSQ=="
        },
        "p-try": {
          "version": "2.2.0",
          "resolved": "https://registry.npmjs.org/p-try/-/p-try-2.2.0.tgz",
          "integrity": "sha512-R4nPAVTAU0B9D35/Gk3uJf/7XYbQcyohSKdvAxIRSNghFl4e71hVoGnBNQz9cWaXxO2I10KTC+3jMdvvoKw6dQ=="
        },
        "pkg-dir": {
          "version": "3.0.0",
          "resolved": "https://registry.npmjs.org/pkg-dir/-/pkg-dir-3.0.0.tgz",
          "integrity": "sha512-/E57AYkoeQ25qkxMj5PBOVgF8Kiu/h7cYS30Z5+R7WaiCCBfLq58ZI/dSeaEKb9WVJV5n/03QwrN3IeWIFllvw=="
        },
        "schema-utils": {
          "version": "1.0.0",
          "resolved": "https://registry.npmjs.org/schema-utils/-/schema-utils-1.0.0.tgz",
          "integrity": "sha512-i27Mic4KovM/lnGsy8whRCHhc7VicJajAjTrYg11K9zfZXnYIt4k5F+kZkwjnrhKzLic/HLU4j11mjsz2G/75g=="
        },
        "semver": {
          "version": "6.3.0",
          "resolved": "https://registry.npmjs.org/semver/-/semver-6.3.0.tgz",
          "integrity": "sha512-b39TBaTSfV6yBrapU89p5fKekE2m/NwnDocOVruQFS1/veMgdzuPcnOM34M6CwxW8jH/lxEa5rBoDeUwu5HHTw=="
        },
        "supports-color": {
          "version": "6.1.0",
          "resolved": "https://registry.npmjs.org/supports-color/-/supports-color-6.1.0.tgz",
          "integrity": "sha512-qe1jfm1Mg7Nq/NSh6XE24gPXROEVsWHxC1LIx//XNlD9iw7YZQGjZNjYN7xGaEG6iKdA8EtNFW6R0gjnVXp+wQ=="
        },
        "yargs": {
          "version": "12.0.5",
          "resolved": "https://registry.npmjs.org/yargs/-/yargs-12.0.5.tgz",
          "integrity": "sha512-Lhz8TLaYnxq/2ObqHDql8dX8CJi97oHxrjUcYtzKbbykPtVW9WB+poxI+NM2UIzsMgNCZTIf0AQwsjK5yMAqZw=="
        },
        "yargs-parser": {
          "version": "11.1.1",
          "resolved": "https://registry.npmjs.org/yargs-parser/-/yargs-parser-11.1.1.tgz",
          "integrity": "sha512-C6kB/WJDiaxONLJQnF8ccx9SEeoTTLek8RVbaOIsrAUS8VrBEXfmeSnCZxygc+XC2sNMBIwOOnfcxiynjHsVSQ=="
        }
      }
    }
  }
}
